# pgbuild dependency lock
#
# Which build of each dependency .github/actions/install-pgbuild-deps
# downloads from pgadmin-org/pgbuild, and what it must hash to. The action
# fetches the tag named here and refuses to unpack an archive whose SHA-256
# differs, so these lines decide which PostgreSQL, OpenSSL and Kerberos
# binaries end up inside an Authenticode signed installer and a notarised
# appbundle.
#
# It matters because pgbuild also publishes rolling tags ending in -latest,
# whose assets are replaced in place on every rebuild. Building from those
# means signing whatever they happened to point at that morning, write
# access to pgbuild is write access to what pgAdmin ships, and no two
# builds of the same commit contain the same binaries. Pinning the
# per-version tag instead gives a build that can be reproduced and a change
# that can be reviewed. pgbuild publishes a .sha256 beside each archive,
# which is a convenience for people rather than a source of trust, since
# whoever rebuilds the archive rebuilds that too; this file is the only
# thing that actually pins anything, which is why the action checks against
# it and not against the published checksum.
#
# Three whitespace separated columns, one dependency per line, with # for a
# comment. Kept dull on purpose so that bash, PowerShell and a reviewer can
# all read it.
#
#   1. the dependency, as the action names it: package, platform and
#      architecture, with the PostgreSQL major where there is one
#   2. the pgbuild release tag to download from, which carries the upstream
#      version, so the second column is where a bump shows up in the diff
#   3. the SHA-256 of the archive in that release, in lowercase hex
#
# A build that fails on a mismatch is telling you that the bytes behind a
# pinned tag are not the bytes that were reviewed. A build that merely
# warns is telling you pgbuild has published something newer, which is
# routine and is not an error: the build carries on with the pinned
# version. Either way the fix is to refresh, read the diff and commit it:
#
#     tools/refresh_pgbuild_lock.py <package>
#
# This file is generated by that script, so edit it through the script
# rather than by hand.

# macOS, arm64
krb5-macos-arm64              krb5-1.22.2-macos-arm64       dcb562cd627bcf0ce84c80e76c101687ee3f9ab9ab256001ae6c3ac6b4527ea9
lz4-macos-arm64               lz4-1.10.0-macos-arm64        6731febb7e20772dc5afe5f24918cb401da4ab53ee7439c82ccfdeebaa52d8f5
openssl-macos-arm64           openssl-3.5.8-macos-arm64     f7f4ed5f8c6d59683998b644fc7d8b06449d7a132690c697062c29495e426ba2
postgresql-18-macos-arm64     postgresql-18-macos-arm64     25e264610a33f0db50865a2ccaed409b00f2f54aa560541c88703438ef08ddbe
zstd-macos-arm64              zstd-1.5.7-macos-arm64        f6710788a428cd63503c385ab8609e86b28e8b403123a170fd889a6a0c57f3ae

# macOS, x86_64
krb5-macos-x86_64             krb5-1.22.2-macos-x86_64      a5dd2a76f19aa023d3285543d7a43b4141e167a3f7b1032dcf182f600540176f
lz4-macos-x86_64              lz4-1.10.0-macos-x86_64       4df8131532d4036c247f17ee9b52d1754b6728f21eba314f28b156e7766d278d
openssl-macos-x86_64          openssl-3.5.8-macos-x86_64    d5aec1f363cb5ef823c56e1caf0cb53be53a83b62f86b5032e250b681f4bb46a
postgresql-18-macos-x86_64    postgresql-18-macos-x86_64    849c77974b4ebfe24483b04fe06e9c96b3aab15115fd17a355fbef367b859070
zstd-macos-x86_64             zstd-1.5.7-macos-x86_64       838e40cc74ba1ffc7e1be66cd14d1c70a74d64205e9240deb2ccf886215a8bf2

# Windows, x86_64
krb5-windows-x86_64           krb5-1.22.2-windows-x86_64    dca2a386c641086a70b549c8ae43b19b570af0eb65f1e1bb546361f9e57e2a6c
postgresql-18-windows-x86_64  postgresql-18-windows-x86_64  657be0adac82544895d915fafb9f76b1e01347ce3bdede999f62b478122be66b
